github.com/gomvs/e v1.1.0 h1:MXZrLo+YoFRSnyJvSpEy8luTFqWunnwDQLWKW/Qpl74=
github.com/gomvs/e v1.1.0/go.mod h1:16yvEsYPRgns7cpdfRc084oi+gUN4IwtGzAhBPDo++w=
github.com/gomvs/e v1.2.0 h1:NEeLU5CZousl5pv6Y8Bo7+uDyZnPCVihv5Ba4kGpJUQ=
github.com/gomvs/e v1.2.0/go.mod h1:16yvEsYPRgns7cpdfRc084oi+gUN4IwtGzAhBPDo++w=
